// !$*UTF8*$!
{
	archiveVersion = 1;
	classes = {
	};
	objectVersion = 50;
	objects = {

/* Begin PBXBuildFile section */
		592621842F75FF7F1C3BCAD4 /* Pods_Swift_BaseSkill.framework in Frameworks */ = {isa = PBXBuildFile; fileRef = ADCC8C520E40BA60AD1D8F2F /* Pods_Swift_BaseSkill.framework */; };
		AD0E59C324AB18450052219B /* HTMainVC.swift in Sources */ = {isa = PBXBuildFile; fileRef = AD0E59C224AB18450052219B /* HTMainVC.swift */; };
		AD0E59C624AB1D8A0052219B /* HTMainCell.swift in Sources */ = {isa = PBXBuildFile; fileRef = AD0E59C524AB1D8A0052219B /* HTMainCell.swift */; };
		AD0E59CF24AC388D0052219B /* HTBaseView.swift in Sources */ = {isa = PBXBuildFile; fileRef = AD0E59CE24AC388D0052219B /* HTBaseView.swift */; };
		AD0E59D224AC38BC0052219B /* HTBaseVC.swift in Sources */ = {isa = PBXBuildFile; fileRef = AD0E59D124AC38BC0052219B /* HTBaseVC.swift */; };
		AD0E59D524AC39150052219B /* HTBaseUIProtocol.swift in Sources */ = {isa = PBXBuildFile; fileRef = AD0E59D424AC39150052219B /* HTBaseUIProtocol.swift */; };
		AD0E59D724AC394E0052219B /* HTBaseTableCell.swift in Sources */ = {isa = PBXBuildFile; fileRef = AD0E59D624AC394E0052219B /* HTBaseTableCell.swift */; };
		AD0E59D924AC3D4A0052219B /* HTSkillBaseVC.swift in Sources */ = {isa = PBXBuildFile; fileRef = AD0E59D824AC3D4A0052219B /* HTSkillBaseVC.swift */; };
		AD0E59DC24AC68930052219B /* HTUtil.swift in Sources */ = {isa = PBXBuildFile; fileRef = AD0E59DB24AC68930052219B /* HTUtil.swift */; };
		AD0E59DF24AD88550052219B /* HTStringHandleVC.swift in Sources */ = {isa = PBXBuildFile; fileRef = AD0E59DE24AD88550052219B /* HTStringHandleVC.swift */; };
		AD0E59E224AD8DD00052219B /* HTStringTitleCell.swift in Sources */ = {isa = PBXBuildFile; fileRef = AD0E59E124AD8DD00052219B /* HTStringTitleCell.swift */; };
		AD0E59E424AD8DE70052219B /* HTStringValueCell.swift in Sources */ = {isa = PBXBuildFile; fileRef = AD0E59E324AD8DE70052219B /* HTStringValueCell.swift */; };
		AD0E59E624ADAB240052219B /* HTStringHandleModel.swift in Sources */ = {isa = PBXBuildFile; fileRef = AD0E59E524ADAB240052219B /* HTStringHandleModel.swift */; };
		AD0E59E924ADC9340052219B /* HTControllFlowVC.swift in Sources */ = {isa = PBXBuildFile; fileRef = AD0E59E824ADC9340052219B /* HTControllFlowVC.swift */; };
		AD0E59EC24ADE0A20052219B /* HTFunctionBlockVC.swift in Sources */ = {isa = PBXBuildFile; fileRef = AD0E59EB24ADE0A20052219B /* HTFunctionBlockVC.swift */; };
		AD2E8F3424766A7100AB8664 /* AppDelegate.swift in Sources */ = {isa = PBXBuildFile; fileRef = AD2E8F3324766A7100AB8664 /* AppDelegate.swift */; };
		AD2E8F3624766A7100AB8664 /* SceneDelegate.swift in Sources */ = {isa = PBXBuildFile; fileRef = AD2E8F3524766A7100AB8664 /* SceneDelegate.swift */; };
		AD2E8F3D24766A7200AB8664 /* Assets.xcassets in Resources */ = {isa = PBXBuildFile; fileRef = AD2E8F3C24766A7200AB8664 /* Assets.xcassets */; };
		AD2E8F4024766A7200AB8664 /* LaunchScreen.storyboard in Resources */ = {isa = PBXBuildFile; fileRef = AD2E8F3E24766A7200AB8664 /* LaunchScreen.storyboard */; };
		AD6949C724AEE018008046E9 /* HTEnumVC.swift in Sources */ = {isa = PBXBuildFile; fileRef = AD6949C624AEE018008046E9 /* HTEnumVC.swift */; };
		AD6949CA24B2F4F1008046E9 /* HTGenericVC.swift in Sources */ = {isa = PBXBuildFile; fileRef = AD6949C924B2F4F1008046E9 /* HTGenericVC.swift */; };
		AD6949D124B4660B008046E9 /* HTNetwork.swift in Sources */ = {isa = PBXBuildFile; fileRef = AD6949D024B4660B008046E9 /* HTNetwork.swift */; };
		AD6949D424B468A7008046E9 /* HTBaseModel.swift in Sources */ = {isa = PBXBuildFile; fileRef = AD6949D324B468A7008046E9 /* HTBaseModel.swift */; };
		AD6949D824B468EE008046E9 /* HTMainModels.swift in Sources */ = {isa = PBXBuildFile; fileRef = AD6949D724B468EE008046E9 /* HTMainModels.swift */; };
		AD7576C525F32DBE00C2F19F /* HTFolderView in Resources */ = {isa = PBXBuildFile; fileRef = AD7576C425F32DBE00C2F19F /* HTFolderView */; };
/* End PBXBuildFile section */

/* Begin PBXFileReference section */
		049285A436013F3999F4BDA8 /* Pods-Swift_BaseSkill.debug.xcconfig */ = {isa = PBXFileReference; includeInIndex = 1; lastKnownFileType = text.xcconfig; name = "Pods-Swift_BaseSkill.debug.xcconfig"; path = "Pods/Target Support Files/Pods-Swift_BaseSkill/Pods-Swift_BaseSkill.debug.xcconfig"; sourceTree = "<group>"; };
		AD0E59C224AB18450052219B /* HTMainVC.swift */ = {isa = PBXFileReference; lastKnownFileType = sourcecode.swift; path = HTMainVC.swift; sourceTree = "<group>"; };
		AD0E59C524AB1D8A0052219B /* HTMainCell.swift */ = {isa = PBXFileReference; lastKnownFileType = sourcecode.swift; path = HTMainCell.swift; sourceTree = "<group>"; };
		AD0E59CE24AC388D0052219B /* HTBaseView.swift */ = {isa = PBXFileReference; lastKnownFileType = sourcecode.swift; path = HTBaseView.swift; sourceTree = "<group>"; };
		AD0E59D124AC38BC0052219B /* HTBaseVC.swift */ = {isa = PBXFileReference; lastKnownFileType = sourcecode.swift; path = HTBaseVC.swift; sourceTree = "<group>"; };
		AD0E59D424AC39150052219B /* HTBaseUIProtocol.swift */ = {isa = PBXFileReference; lastKnownFileType = sourcecode.swift; path = HTBaseUIProtocol.swift; sourceTree = "<group>"; };
		AD0E59D624AC394E0052219B /* HTBaseTableCell.swift */ = {isa = PBXFileReference; lastKnownFileType = sourcecode.swift; path = HTBaseTableCell.swift; sourceTree = "<group>"; };
		AD0E59D824AC3D4A0052219B /* HTSkillBaseVC.swift */ = {isa = PBXFileReference; lastKnownFileType = sourcecode.swift; path = HTSkillBaseVC.swift; sourceTree = "<group>"; };
		AD0E59DB24AC68930052219B /* HTUtil.swift */ = {isa = PBXFileReference; lastKnownFileType = sourcecode.swift; path = HTUtil.swift; sourceTree = "<group>"; };
		AD0E59DD24AD82F70052219B /* Swift_BaseSkill.entitlements */ = {isa = PBXFileReference; lastKnownFileType = text.plist.entitlements; path = Swift_BaseSkill.entitlements; sourceTree = "<group>"; };
		AD0E59DE24AD88550052219B /* HTStringHandleVC.swift */ = {isa = PBXFileReference; lastKnownFileType = sourcecode.swift; path = HTStringHandleVC.swift; sourceTree = "<group>"; };
		AD0E59E124AD8DD00052219B /* HTStringTitleCell.swift */ = {isa = PBXFileReference; lastKnownFileType = sourcecode.swift; path = HTStringTitleCell.swift; sourceTree = "<group>"; };
		AD0E59E324AD8DE70052219B /* HTStringValueCell.swift */ = {isa = PBXFileReference; lastKnownFileType = sourcecode.swift; path = HTStringValueCell.swift; sourceTree = "<group>"; };
		AD0E59E524ADAB240052219B /* HTStringHandleModel.swift */ = {isa = PBXFileReference; lastKnownFileType = sourcecode.swift; path = HTStringHandleModel.swift; sourceTree = "<group>"; };
		AD0E59E824ADC9340052219B /* HTControllFlowVC.swift */ = {isa = PBXFileReference; lastKnownFileType = sourcecode.swift; path = HTControllFlowVC.swift; sourceTree = "<group>"; };
		AD0E59EB24ADE0A20052219B /* HTFunctionBlockVC.swift */ = {isa = PBXFileReference; lastKnownFileType = sourcecode.swift; path = HTFunctionBlockVC.swift; sourceTree = "<group>"; };
		AD2E8F3024766A7100AB8664 /* Swift_BaseSkill.app */ = {isa = PBXFileReference; explicitFileType = wrapper.application; includeInIndex = 0; path = Swift_BaseSkill.app; sourceTree = BUILT_PRODUCTS_DIR; };
		AD2E8F3324766A7100AB8664 /* AppDelegate.swift */ = {isa = PBXFileReference; lastKnownFileType = sourcecode.swift; path = AppDelegate.swift; sourceTree = "<group>"; };
		AD2E8F3524766A7100AB8664 /* SceneDelegate.swift */ = {isa = PBXFileReference; lastKnownFileType = sourcecode.swift; path = SceneDelegate.swift; sourceTree = "<group>"; };
		AD2E8F3C24766A7200AB8664 /* Assets.xcassets */ = {isa = PBXFileReference; lastKnownFileType = folder.assetcatalog; path = Assets.xcassets; sourceTree = "<group>"; };
		AD2E8F3F24766A7200AB8664 /* Base */ = {isa = PBXFileReference; lastKnownFileType = file.storyboard; name = Base; path = Base.lproj/LaunchScreen.storyboard; sourceTree = "<group>"; };
		AD2E8F4124766A7200AB8664 /* Info.plist */ = {isa = PBXFileReference; lastKnownFileType = text.plist.xml; path = Info.plist; sourceTree = "<group>"; };
		AD6949C624AEE018008046E9 /* HTEnumVC.swift */ = {isa = PBXFileReference; lastKnownFileType = sourcecode.swift; path = HTEnumVC.swift; sourceTree = "<group>"; };
		AD6949C924B2F4F1008046E9 /* HTGenericVC.swift */ = {isa = PBXFileReference; lastKnownFileType = sourcecode.swift; path = HTGenericVC.swift; sourceTree = "<group>"; };
		AD6949D024B4660B008046E9 /* HTNetwork.swift */ = {isa = PBXFileReference; lastKnownFileType = sourcecode.swift; path = HTNetwork.swift; sourceTree = "<group>"; };
		AD6949D324B468A7008046E9 /* HTBaseModel.swift */ = {isa = PBXFileReference; lastKnownFileType = sourcecode.swift; path = HTBaseModel.swift; sourceTree = "<group>"; };
		AD6949D724B468EE008046E9 /* HTMainModels.swift */ = {isa = PBXFileReference; lastKnownFileType = sourcecode.swift; path = HTMainModels.swift; sourceTree = "<group>"; };
		AD7576C425F32DBE00C2F19F /* HTFolderView */ = {isa = PBXFileReference; fileEncoding = 4; lastKnownFileType = text; name = HTFolderView; path = HTFolderView/HTFolderView/HTFolderView; sourceTree = SOURCE_ROOT; };
		ADCC8C520E40BA60AD1D8F2F /* Pods_Swift_BaseSkill.framework */ = {isa = PBXFileReference; explicitFileType = wrapper.framework; includeInIndex = 0; path = Pods_Swift_BaseSkill.framework; sourceTree = BUILT_PRODUCTS_DIR; };
		B6C5E5096028FE9632B5EE4A /* Pods-Swift_BaseSkill.release.xcconfig */ = {isa = PBXFileReference; includeInIndex = 1; lastKnownFileType = text.xcconfig; name = "Pods-Swift_BaseSkill.release.xcconfig"; path = "Pods/Target Support Files/Pods-Swift_BaseSkill/Pods-Swift_BaseSkill.release.xcconfig"; sourceTree = "<group>"; };
/* End PBXFileReference section */

/* Begin PBXFrameworksBuildPhase section */
		AD2E8F2D24766A7100AB8664 /* Frameworks */ = {
			isa = PBXFrameworksBuildPhase;
			buildActionMask = 2147483647;
			files = (
				592621842F75FF7F1C3BCAD4 /* Pods_Swift_BaseSkill.framework in Frameworks */,
			);
			runOnlyForDeploymentPostprocessing = 0;
		};
/* End PBXFrameworksBuildPhase section */

/* Begin PBXGroup section */
		028FEABB1AE4228AF7C99A53 /* Pods */ = {
			isa = PBXGroup;
			children = (
				049285A436013F3999F4BDA8 /* Pods-Swift_BaseSkill.debug.xcconfig */,
				B6C5E5096028FE9632B5EE4A /* Pods-Swift_BaseSkill.release.xcconfig */,
			);
			name = Pods;
			sourceTree = "<group>";
		};
		AD0E59C424AB1D630052219B /* Home */ = {
			isa = PBXGroup;
			children = (
				AD0E59C224AB18450052219B /* HTMainVC.swift */,
				AD0E59C524AB1D8A0052219B /* HTMainCell.swift */,
				AD6949D724B468EE008046E9 /* HTMainModels.swift */,
			);
			path = Home;
			sourceTree = "<group>";
		};
		AD0E59C924AC37D10052219B /* SkillBase */ = {
			isa = PBXGroup;
			children = (
				AD0E59D824AC3D4A0052219B /* HTSkillBaseVC.swift */,
			);
			path = SkillBase;
			sourceTree = "<group>";
		};
		AD0E59CC24AC380C0052219B /* BaseModule */ = {
			isa = PBXGroup;
			children = (
				AD6949D224B46896008046E9 /* BaseModel */,
				AD6949CB24B32021008046E9 /* BaseNetwork */,
				AD0E59DA24AC686E0052219B /* BaseCommon */,
				AD0E59D324AC38C30052219B /* BaseProtocol */,
				AD0E59D024AC38A60052219B /* BaseView */,
				AD0E59CD24AC38190052219B /* BaseVC */,
			);
			path = BaseModule;
			sourceTree = "<group>";
		};
		AD0E59CD24AC38190052219B /* BaseVC */ = {
			isa = PBXGroup;
			children = (
				AD0E59D124AC38BC0052219B /* HTBaseVC.swift */,
			);
			path = BaseVC;
			sourceTree = "<group>";
		};
		AD0E59D024AC38A60052219B /* BaseView */ = {
			isa = PBXGroup;
			children = (
				AD0E59CE24AC388D0052219B /* HTBaseView.swift */,
				AD0E59D624AC394E0052219B /* HTBaseTableCell.swift */,
			);
			path = BaseView;
			sourceTree = "<group>";
		};
		AD0E59D324AC38C30052219B /* BaseProtocol */ = {
			isa = PBXGroup;
			children = (
				AD0E59D424AC39150052219B /* HTBaseUIProtocol.swift */,
			);
			path = BaseProtocol;
			sourceTree = "<group>";
		};
		AD0E59DA24AC686E0052219B /* BaseCommon */ = {
			isa = PBXGroup;
			children = (
				AD0E59DB24AC68930052219B /* HTUtil.swift */,
			);
			path = BaseCommon;
			sourceTree = "<group>";
		};
		AD0E59E024AD8D400052219B /* StringHandle */ = {
			isa = PBXGroup;
			children = (
				AD0E59DE24AD88550052219B /* HTStringHandleVC.swift */,
				AD0E59E124AD8DD00052219B /* HTStringTitleCell.swift */,
				AD0E59E324AD8DE70052219B /* HTStringValueCell.swift */,
				AD0E59E524ADAB240052219B /* HTStringHandleModel.swift */,
			);
			path = StringHandle;
			sourceTree = "<group>";
		};
		AD0E59E724ADC8950052219B /* ControllFlow */ = {
			isa = PBXGroup;
			children = (
				AD0E59E824ADC9340052219B /* HTControllFlowVC.swift */,
			);
			path = ControllFlow;
			sourceTree = "<group>";
		};
		AD0E59EA24ADE06A0052219B /* FunctionBlock */ = {
			isa = PBXGroup;
			children = (
				AD0E59EB24ADE0A20052219B /* HTFunctionBlockVC.swift */,
			);
			path = FunctionBlock;
			sourceTree = "<group>";
		};
		AD2E8F2724766A7100AB8664 = {
			isa = PBXGroup;
			children = (
				AD2E8F3224766A7100AB8664 /* Swift_BaseSkill */,
				AD2E8F3124766A7100AB8664 /* Products */,
				028FEABB1AE4228AF7C99A53 /* Pods */,
				D87F5B9529A65E46C89223AE /* Frameworks */,
			);
			sourceTree = "<group>";
		};
		AD2E8F3124766A7100AB8664 /* Products */ = {
			isa = PBXGroup;
			children = (
				AD2E8F3024766A7100AB8664 /* Swift_BaseSkill.app */,
			);
			name = Products;
			sourceTree = "<group>";
		};
		AD2E8F3224766A7100AB8664 /* Swift_BaseSkill */ = {
			isa = PBXGroup;
			children = (
				AD7576C425F32DBE00C2F19F /* HTFolderView */,
				AD0E59CC24AC380C0052219B /* BaseModule */,
				AD6949C224AECCCA008046E9 /* AppInfo */,
				AD6949C124AECC9C008046E9 /* AllModule */,
				AD0E59C424AB1D630052219B /* Home */,
			);
			path = Swift_BaseSkill;
			sourceTree = "<group>";
		};
		AD6949C124AECC9C008046E9 /* AllModule */ = {
			isa = PBXGroup;
			children = (
				AD6949C824B2F49D008046E9 /* Generic */,
				AD6949C524AEDFF6008046E9 /* Enum */,
				AD0E59C924AC37D10052219B /* SkillBase */,
				AD0E59E024AD8D400052219B /* StringHandle */,
				AD0E59E724ADC8950052219B /* ControllFlow */,
				AD0E59EA24ADE06A0052219B /* FunctionBlock */,
			);
			path = AllModule;
			sourceTree = "<group>";
		};
		AD6949C224AECCCA008046E9 /* AppInfo */ = {
			isa = PBXGroup;
			children = (
				AD0E59DD24AD82F70052219B /* Swift_BaseSkill.entitlements */,
				AD2E8F3324766A7100AB8664 /* AppDelegate.swift */,
				AD2E8F3524766A7100AB8664 /* SceneDelegate.swift */,
				AD2E8F3C24766A7200AB8664 /* Assets.xcassets */,
				AD2E8F3E24766A7200AB8664 /* LaunchScreen.storyboard */,
				AD2E8F4124766A7200AB8664 /* Info.plist */,
			);
			path = AppInfo;
			sourceTree = "<group>";
		};
		AD6949C524AEDFF6008046E9 /* Enum */ = {
			isa = PBXGroup;
			children = (
				AD6949C624AEE018008046E9 /* HTEnumVC.swift */,
			);
			path = Enum;
			sourceTree = "<group>";
		};
		AD6949C824B2F49D008046E9 /* Generic */ = {
			isa = PBXGroup;
			children = (
				AD6949C924B2F4F1008046E9 /* HTGenericVC.swift */,
			);
			path = Generic;
			sourceTree = "<group>";
		};
		AD6949CB24B32021008046E9 /* BaseNetwork */ = {
			isa = PBXGroup;
			children = (
				AD6949D024B4660B008046E9 /* HTNetwork.swift */,
			);
			path = BaseNetwork;
			sourceTree = "<group>";
		};
		AD6949D224B46896008046E9 /* BaseModel */ = {
			isa = PBXGroup;
			children = (
				AD6949D324B468A7008046E9 /* HTBaseModel.swift */,
			);
			path = BaseModel;
			sourceTree = "<group>";
		};
		D87F5B9529A65E46C89223AE /* Frameworks */ = {
			isa = PBXGroup;
			children = (
				ADCC8C520E40BA60AD1D8F2F /* Pods_Swift_BaseSkill.framework */,
			);
			name = Frameworks;
			sourceTree = "<group>";
		};
/* End PBXGroup section */

/* Begin PBXNativeTarget section */
		AD2E8F2F24766A7100AB8664 /* Swift_BaseSkill */ = {
			isa = PBXNativeTarget;
			buildConfigurationList = AD2E8F4424766A7200AB8664 /* Build configuration list for PBXNativeTarget "Swift_BaseSkill" */;
			buildPhases = (
				7833A06856601E3AD8B39431 /* [CP] Check Pods Manifest.lock */,
				AD2E8F2C24766A7100AB8664 /* Sources */,
				AD2E8F2D24766A7100AB8664 /* Frameworks */,
				AD2E8F2E24766A7100AB8664 /* Resources */,
				50B82D57D30B785C8FC04FAF /* [CP] Embed Pods Frameworks */,
			);
			buildRules = (
			);
			dependencies = (
			);
			name = Swift_BaseSkill;
			productName = Swift_BaseSkill;
			productReference = AD2E8F3024766A7100AB8664 /* Swift_BaseSkill.app */;
			productType = "com.apple.product-type.application";
		};
/* End PBXNativeTarget section */

/* Begin PBXProject section */
		AD2E8F2824766A7100AB8664 /* Project object */ = {
			isa = PBXProject;
			attributes = {
				LastSwiftUpdateCheck = 1130;
				LastUpgradeCheck = 1130;
				ORGANIZATIONNAME = haitaozhang;
				TargetAttributes = {
					AD2E8F2F24766A7100AB8664 = {
						CreatedOnToolsVersion = 11.3.1;
					};
				};
			};
			buildConfigurationList = AD2E8F2B24766A7100AB8664 /* Build configuration list for PBXProject "Swift_BaseSkill" */;
			compatibilityVersion = "Xcode 9.3";
			developmentRegion = en;
			hasScannedForEncodings = 0;
			knownRegions = (
				en,
				Base,
			);
			mainGroup = AD2E8F2724766A7100AB8664;
			productRefGroup = AD2E8F3124766A7100AB8664 /* Products */;
			projectDirPath = "";
			projectRoot = "";
			targets = (
				AD2E8F2F24766A7100AB8664 /* Swift_BaseSkill */,
			);
		};
/* End PBXProject section */

/* Begin PBXResourcesBuildPhase section */
		AD2E8F2E24766A7100AB8664 /* Resources */ = {
			isa = PBXResourcesBuildPhase;
			buildActionMask = 2147483647;
			files = (
				AD2E8F4024766A7200AB8664 /* LaunchScreen.storyboard in Resources */,
				AD7576C525F32DBE00C2F19F /* HTFolderView in Resources */,
				AD2E8F3D24766A7200AB8664 /* Assets.xcassets in Resources */,
			);
			runOnlyForDeploymentPostprocessing = 0;
		};
/* End PBXResourcesBuildPhase section */

/* Begin PBXShellScriptBuildPhase section */
		50B82D57D30B785C8FC04FAF /* [CP] Embed Pods Frameworks */ = {
			isa = PBXShellScriptBuildPhase;
			buildActionMask = 2147483647;
			files = (
			);
			inputFileListPaths = (
			);
			inputPaths = (
				"${SRCROOT}/Pods/Target Support Files/Pods-Swift_BaseSkill/Pods-Swift_BaseSkill-frameworks.sh",
				"${BUILT_PRODUCTS_DIR}/Alamofire/Alamofire.framework",
				"${BUILT_PRODUCTS_DIR}/KakaJSON/KakaJSON.framework",
				"${BUILT_PRODUCTS_DIR}/SnapKit/SnapKit.framework",
				"${BUILT_PRODUCTS_DIR}/SwiftyJSON/SwiftyJSON.framework",
			);
			name = "[CP] Embed Pods Frameworks";
			outputFileListPaths = (
			);
			outputPaths = (
				"${TARGET_BUILD_DIR}/${FRAMEWORKS_FOLDER_PATH}/Alamofire.framework",
				"${TARGET_BUILD_DIR}/${FRAMEWORKS_FOLDER_PATH}/KakaJSON.framework",
				"${TARGET_BUILD_DIR}/${FRAMEWORKS_FOLDER_PATH}/SnapKit.framework",
				"${TARGET_BUILD_DIR}/${FRAMEWORKS_FOLDER_PATH}/SwiftyJSON.framework",
			);
			runOnlyForDeploymentPostprocessing = 0;
			shellPath = /bin/sh;
			shellScript = "\"${SRCROOT}/Pods/Target Support Files/Pods-Swift_BaseSkill/Pods-Swift_BaseSkill-frameworks.sh\"\n";
			showEnvVarsInLog = 0;
		};
		7833A06856601E3AD8B39431 /* [CP] Check Pods Manifest.lock */ = {
			isa = PBXShellScriptBuildPhase;
			buildActionMask = 2147483647;
			files = (
			);
			inputFileListPaths = (
			);
			inputPaths = (
				"${PODS_PODFILE_DIR_PATH}/Podfile.lock",
				"${PODS_ROOT}/Manifest.lock",
			);
			name = "[CP] Check Pods Manifest.lock";
			outputFileListPaths = (
			);
			outputPaths = (
				"$(DERIVED_FILE_DIR)/Pods-Swift_BaseSkill-checkManifestLockResult.txt",
			);
			runOnlyForDeploymentPostprocessing = 0;
			shellPath = /bin/sh;
			shellScript = "diff \"${PODS_PODFILE_DIR_PATH}/Podfile.lock\" \"${PODS_ROOT}/Manifest.lock\" > /dev/null\nif [ $? != 0 ] ; then\n    # print error to STDERR\n    echo \"error: The sandbox is not in sync with the Podfile.lock. Run 'pod install' or update your CocoaPods installation.\" >&2\n    exit 1\nfi\n# This output is used by Xcode 'outputs' to avoid re-running this script phase.\necho \"SUCCESS\" > \"${SCRIPT_OUTPUT_FILE_0}\"\n";
			showEnvVarsInLog = 0;
		};
/* End PBXShellScriptBuildPhase section */

/* Begin PBXSourcesBuildPhase section */
		AD2E8F2C24766A7100AB8664 /* Sources */ = {
			isa = PBXSourcesBuildPhase;
			buildActionMask = 2147483647;
			files = (
				AD0E59D924AC3D4A0052219B /* HTSkillBaseVC.swift in Sources */,
				AD0E59DC24AC68930052219B /* HTUtil.swift in Sources */,
				AD0E59E424AD8DE70052219B /* HTStringValueCell.swift in Sources */,
				AD6949D824B468EE008046E9 /* HTMainModels.swift in Sources */,
				AD0E59D524AC39150052219B /* HTBaseUIProtocol.swift in Sources */,
				AD0E59E924ADC9340052219B /* HTControllFlowVC.swift in Sources */,
				AD0E59D724AC394E0052219B /* HTBaseTableCell.swift in Sources */,
				AD2E8F3424766A7100AB8664 /* AppDelegate.swift in Sources */,
				AD6949D124B4660B008046E9 /* HTNetwork.swift in Sources */,
				AD0E59C624AB1D8A0052219B /* HTMainCell.swift in Sources */,
				AD0E59EC24ADE0A20052219B /* HTFunctionBlockVC.swift in Sources */,
				AD2E8F3624766A7100AB8664 /* SceneDelegate.swift in Sources */,
				AD0E59E224AD8DD00052219B /* HTStringTitleCell.swift in Sources */,
				AD6949D424B468A7008046E9 /* HTBaseModel.swift in Sources */,
				AD0E59D224AC38BC0052219B /* HTBaseVC.swift in Sources */,
				AD6949CA24B2F4F1008046E9 /* HTGenericVC.swift in Sources */,
				AD0E59E624ADAB240052219B /* HTStringHandleModel.swift in Sources */,
				AD0E59CF24AC388D0052219B /* HTBaseView.swift in Sources */,
				AD0E59C324AB18450052219B /* HTMainVC.swift in Sources */,
				AD0E59DF24AD88550052219B /* HTStringHandleVC.swift in Sources */,
				AD6949C724AEE018008046E9 /* HTEnumVC.swift in Sources */,
			);
			runOnlyForDeploymentPostprocessing = 0;
		};
/* End PBXSourcesBuildPhase section */

/* Begin PBXVariantGroup section */
		AD2E8F3E24766A7200AB8664 /* LaunchScreen.storyboard */ = {
			isa = PBXVariantGroup;
			children = (
				AD2E8F3F24766A7200AB8664 /* Base */,
			);
			name = LaunchScreen.storyboard;
			sourceTree = "<group>";
		};
/* End PBXVariantGroup section */

/* Begin XCBuildConfiguration section */
		AD2E8F4224766A7200AB8664 /* Debug */ = {
			isa = XCBuildConfiguration;
			buildSettings = {
				ALWAYS_SEARCH_USER_PATHS = NO;
				CLANG_ANALYZER_NONNULL = YES;
				CLANG_ANALYZER_NUMBER_OBJECT_CONVERSION = YES_AGGRESSIVE;
				CLANG_CXX_LANGUAGE_STANDARD = "gnu++14";
				CLANG_CXX_LIBRARY = "libc++";
				CLANG_ENABLE_MODULES = YES;
				CLANG_ENABLE_OBJC_ARC = YES;
				CLANG_ENABLE_OBJC_WEAK = YES;
				CLANG_WARN_BLOCK_CAPTURE_AUTORELEASING = YES;
				CLANG_WARN_BOOL_CONVERSION = YES;
				CLANG_WARN_COMMA = YES;
				CLANG_WARN_CONSTANT_CONVERSION = YES;
				CLANG_WARN_DEPRECATED_OBJC_IMPLEMENTATIONS = YES;
				CLANG_WARN_DIRECT_OBJC_ISA_USAGE = YES_ERROR;
				CLANG_WARN_DOCUMENTATION_COMMENTS = YES;
				CLANG_WARN_EMPTY_BODY = YES;
				CLANG_WARN_ENUM_CONVERSION = YES;
				CLANG_WARN_INFINITE_RECURSION = YES;
				CLANG_WARN_INT_CONVERSION = YES;
				CLANG_WARN_NON_LITERAL_NULL_CONVERSION = YES;
				CLANG_WARN_OBJC_IMPLICIT_RETAIN_SELF = YES;
				CLANG_WARN_OBJC_LITERAL_CONVERSION = YES;
				CLANG_WARN_OBJC_ROOT_CLASS = YES_ERROR;
				CLANG_WARN_RANGE_LOOP_ANALYSIS = YES;
				CLANG_WARN_STRICT_PROTOTYPES = YES;
				CLANG_WARN_SUSPICIOUS_MOVE = YES;
				CLANG_WARN_UNGUARDED_AVAILABILITY = YES_AGGRESSIVE;
				CLANG_WARN_UNREACHABLE_CODE = YES;
				CLANG_WARN__DUPLICATE_METHOD_MATCH = YES;
				COPY_PHASE_STRIP = NO;
				DEBUG_INFORMATION_FORMAT = dwarf;
				ENABLE_STRICT_OBJC_MSGSEND = YES;
				ENABLE_TESTABILITY = YES;
				GCC_C_LANGUAGE_STANDARD = gnu11;
				GCC_DYNAMIC_NO_PIC = NO;
				GCC_NO_COMMON_BLOCKS = YES;
				GCC_OPTIMIZATION_LEVEL = 0;
				GCC_PREPROCESSOR_DEFINITIONS = (
					"DEBUG=1",
					"$(inherited)",
				);
				GCC_WARN_64_TO_32_BIT_CONVERSION = YES;
				GCC_WARN_ABOUT_RETURN_TYPE = YES_ERROR;
				GCC_WARN_UNDECLARED_SELECTOR = YES;
				GCC_WARN_UNINITIALIZED_AUTOS = YES_AGGRESSIVE;
				GCC_WARN_UNUSED_FUNCTION = YES;
				GCC_WARN_UNUSED_VARIABLE = YES;
				IPHONEOS_DEPLOYMENT_TARGET = 13.2;
				MTL_ENABLE_DEBUG_INFO = INCLUDE_SOURCE;
				MTL_FAST_MATH = YES;
				ONLY_ACTIVE_ARCH = YES;
				SDKROOT = iphoneos;
				SWIFT_ACTIVE_COMPILATION_CONDITIONS = DEBUG;
				SWIFT_OPTIMIZATION_LEVEL = "-Onone";
			};
			name = Debug;
		};
		AD2E8F4324766A7200AB8664 /* Release */ = {
			isa = XCBuildConfiguration;
			buildSettings = {
				ALWAYS_SEARCH_USER_PATHS = NO;
				CLANG_ANALYZER_NONNULL = YES;
				CLANG_ANALYZER_NUMBER_OBJECT_CONVERSION = YES_AGGRESSIVE;
				CLANG_CXX_LANGUAGE_STANDARD = "gnu++14";
				CLANG_CXX_LIBRARY = "libc++";
				CLANG_ENABLE_MODULES = YES;
				CLANG_ENABLE_OBJC_ARC = YES;
				CLANG_ENABLE_OBJC_WEAK = YES;
				CLANG_WARN_BLOCK_CAPTURE_AUTORELEASING = YES;
				CLANG_WARN_BOOL_CONVERSION = YES;
				CLANG_WARN_COMMA = YES;
				CLANG_WARN_CONSTANT_CONVERSION = YES;
				CLANG_WARN_DEPRECATED_OBJC_IMPLEMENTATIONS = YES;
				CLANG_WARN_DIRECT_OBJC_ISA_USAGE = YES_ERROR;
				CLANG_WARN_DOCUMENTATION_COMMENTS = YES;
				CLANG_WARN_EMPTY_BODY = YES;
				CLANG_WARN_ENUM_CONVERSION = YES;
				CLANG_WARN_INFINITE_RECURSION = YES;
				CLANG_WARN_INT_CONVERSION = YES;
				CLANG_WARN_NON_LITERAL_NULL_CONVERSION = YES;
				CLANG_WARN_OBJC_IMPLICIT_RETAIN_SELF = YES;
				CLANG_WARN_OBJC_LITERAL_CONVERSION = YES;
				CLANG_WARN_OBJC_ROOT_CLASS = YES_ERROR;
				CLANG_WARN_RANGE_LOOP_ANALYSIS = YES;
				CLANG_WARN_STRICT_PROTOTYPES = YES;
				CLANG_WARN_SUSPICIOUS_MOVE = YES;
				CLANG_WARN_UNGUARDED_AVAILABILITY = YES_AGGRESSIVE;
				CLANG_WARN_UNREACHABLE_CODE = YES;
				CLANG_WARN__DUPLICATE_METHOD_MATCH = YES;
				COPY_PHASE_STRIP = NO;
				DEBUG_INFORMATION_FORMAT = "dwarf-with-dsym";
				ENABLE_NS_ASSERTIONS = NO;
				ENABLE_STRICT_OBJC_MSGSEND = YES;
				GCC_C_LANGUAGE_STANDARD = gnu11;
				GCC_NO_COMMON_BLOCKS = YES;
				GCC_WARN_64_TO_32_BIT_CONVERSION = YES;
				GCC_WARN_ABOUT_RETURN_TYPE = YES_ERROR;
				GCC_WARN_UNDECLARED_SELECTOR = YES;
				GCC_WARN_UNINITIALIZED_AUTOS = YES_AGGRESSIVE;
				GCC_WARN_UNUSED_FUNCTION = YES;
				GCC_WARN_UNUSED_VARIABLE = YES;
				IPHONEOS_DEPLOYMENT_TARGET = 13.2;
				MTL_ENABLE_DEBUG_INFO = NO;
				MTL_FAST_MATH = YES;
				SDKROOT = iphoneos;
				SWIFT_COMPILATION_MODE = wholemodule;
				SWIFT_OPTIMIZATION_LEVEL = "-O";
				VALIDATE_PRODUCT = YES;
			};
			name = Release;
		};
		AD2E8F4524766A7200AB8664 /* Debug */ = {
			isa = XCBuildConfiguration;
			baseConfigurationReference = 049285A436013F3999F4BDA8 /* Pods-Swift_BaseSkill.debug.xcconfig */;
			buildSettings = {
				ASSETCATALOG_COMPILER_APPICON_NAME = AppIcon;
				CODE_SIGN_ENTITLEMENTS = Swift_BaseSkill/AppInfo/Swift_BaseSkill.entitlements;
				CODE_SIGN_IDENTITY = "Apple Development";
				CODE_SIGN_STYLE = Automatic;
				DEVELOPMENT_TEAM = G2H3FEAP9R;
				INFOPLIST_FILE = Swift_BaseSkill/AppInfo/Info.plist;
				LD_RUNPATH_SEARCH_PATHS = (
					"$(inherited)",
					"@executable_path/Frameworks",
				);
				PRODUCT_BUNDLE_IDENTIFIER = "haitaozhang.Swift-BaseSkill";
				PRODUCT_NAME = "$(TARGET_NAME)";
				PROVISIONING_PROFILE_SPECIFIER = "";
				SUPPORTS_MACCATALYST = NO;
				SWIFT_OPTIMIZATION_LEVEL = "-Onone";
				SWIFT_VERSION = 5.0;
				TARGETED_DEVICE_FAMILY = "1,2";
			};
			name = Debug;
		};
		AD2E8F4624766A7200AB8664 /* Release */ = {
			isa = XCBuildConfiguration;
			baseConfigurationReference = B6C5E5096028FE9632B5EE4A /* Pods-Swift_BaseSkill.release.xcconfig */;
			buildSettings = {
				ASSETCATALOG_COMPILER_APPICON_NAME = AppIcon;
				CODE_SIGN_ENTITLEMENTS = Swift_BaseSkill/AppInfo/Swift_BaseSkill.entitlements;
				CODE_SIGN_IDENTITY = "Apple Development";
				CODE_SIGN_STYLE = Automatic;
				DEVELOPMENT_TEAM = G2H3FEAP9R;
				INFOPLIST_FILE = Swift_BaseSkill/AppInfo/Info.plist;
				LD_RUNPATH_SEARCH_PATHS = (
					"$(inherited)",
					"@executable_path/Frameworks",
				);
				PRODUCT_BUNDLE_IDENTIFIER = "haitaozhang.Swift-BaseSkill";
				PRODUCT_NAME = "$(TARGET_NAME)";
				PROVISIONING_PROFILE_SPECIFIER = "";
				SUPPORTS_MACCATALYST = NO;
				SWIFT_VERSION = 5.0;
				TARGETED_DEVICE_FAMILY = "1,2";
			};
			name = Release;
		};
/* End XCBuildConfiguration section */

/* Begin XCConfigurationList section */
		AD2E8F2B24766A7100AB8664 /* Build configuration list for PBXProject "Swift_BaseSkill" */ = {
			isa = XCConfigurationList;
			buildConfigurations = (
				AD2E8F4224766A7200AB8664 /* Debug */,
				AD2E8F4324766A7200AB8664 /* Release */,
			);
			defaultConfigurationIsVisible = 0;
			defaultConfigurationName = Release;
		};
		AD2E8F4424766A7200AB8664 /* Build configuration list for PBXNativeTarget "Swift_BaseSkill" */ = {
			isa = XCConfigurationList;
			buildConfigurations = (
				AD2E8F4524766A7200AB8664 /* Debug */,
				AD2E8F4624766A7200AB8664 /* Release */,
			);
			defaultConfigurationIsVisible = 0;
			defaultConfigurationName = Release;
		};
/* End XCConfigurationList section */
	};
	rootObject = AD2E8F2824766A7100AB8664 /* Project object */;
}
